
Microsoft Visual Studio Solution File, Format Version 12.00
# Visual Studio Version 16
VisualStudioVersion = 16.0.33927.289
MinimumVisualStudioVersion = 10.0.40219.1
Project("{FAE04EC0-301F-11D3-BF4B-00C04F79EFBC}") = "SalesWebMvc12", "SalesWebMvc12\SalesWebMvc12.csproj", "{03659810-E52B-44D2-8ECD-719369597A02}"
EndProject
Global
	GlobalSection(SolutionConfigurationPlatforms) = preSolution
		Debug|Any CPU = Debug|Any CPU
		Release|Any CPU = Release|Any CPU
	EndGlobalSection
	GlobalSection(ProjectConfigurationPlatforms) = postSolution
		{03659810-E52B-44D2-8ECD-719369597A02}.Debug|Any CPU.ActiveCfg = Debug|Any CPU
		{03659810-E52B-44D2-8ECD-719369597A02}.Debug|Any CPU.Build.0 = Debug|Any CPU
		{03659810-E52B-44D2-8ECD-719369597A02}.Release|Any CPU.ActiveCfg = Release|Any CPU
		{03659810-E52B-44D2-8ECD-719369597A02}.Release|Any CPU.Build.0 = Release|Any CPU
	EndGlobalSection
	GlobalSection(SolutionProperties) = preSolution
		HideSolutionNode = FALSE
	EndGlobalSection
	GlobalSection(ExtensibilityGlobals) = postSolution
		SolutionGuid = {FCFD471F-F1F0-4A92-8ECC-E08DA81BDC53}
	EndGlobalSection
EndGlobal
